{
  "name": "waddlebot-api-tests",
  "lockfileVersion": 3,
  "requires": true,
  "packages": {
    "": {
      "name": "waddlebot-api-tests",
      "version": "1.0.0",
      "dependencies": {
        "axios": "1.15.0",
        "jest": "29.7.0",
        "supertest": "6.3.3",
        "nock": "13.5.0"
      }
    },
    "node_modules/axios": {"version": "1.15.0"},
    "node_modules/jest": {"version": "29.7.0"},
    "node_modules/supertest": {"version": "6.3.3"},
    "node_modules/nock": {"version": "13.5.0"}
  }
}
