{
  "name": "waddlebot-e2e-tests",
  "lockfileVersion": 3,
  "requires": true,
  "packages": {
    "": {
      "name": "waddlebot-e2e-tests",
      "version": "1.0.0",
      "dependencies": {
        "@playwright/test": "1.40.0"
      }
    },
    "node_modules/@playwright/test": {"version": "1.40.0"}
  }
}
