{
  "name": "waddlebot-smoke-tests",
  "lockfileVersion": 3,
  "requires": true,
  "packages": {
    "": {
      "name": "waddlebot-smoke-tests",
      "version": "1.0.0",
      "dependencies": {
        "playwright": "1.40.0"
      }
    },
    "node_modules/playwright": {"version": "1.40.0"}
  }
}
