{
  "name": "waddlebot-integration-tests",
  "lockfileVersion": 3,
  "requires": true,
  "packages": {
    "": {
      "name": "waddlebot-integration-tests",
      "version": "1.0.0",
      "dependencies": {
        "jest": "29.7.0",
        "axios": "1.6.0",
        "ws": "8.14.0",
        "ioredis": "5.3.2",
        "pg": "8.11.3"
      }
    },
    "node_modules/jest": {"version": "29.7.0"},
    "node_modules/axios": {"version": "1.6.0"},
    "node_modules/ws": {"version": "8.14.0"},
    "node_modules/ioredis": {"version": "5.3.2"},
    "node_modules/pg": {"version": "8.11.3"}
  }
}
